
Microsoft Visual Studio Solution File, Format Version 12.00
# Visual Studio 15
Project("{FAE04EC0-301F-11D3-BF4B-00C04F79EFBC}") = "Assembly-CSharp-firstpass", "Assembly-CSharp-firstpass.csproj", "{104A2B3F-D8B4-3026-D603-D3CF6FFBAACE}"
EndProject
Project("{FAE04EC0-301F-11D3-BF4B-00C04F79EFBC}") = "Assembly-CSharp", "Assembly-CSharp.csproj", "{46485BBF-9C06-E4E8-0552-C246EA31D846}"
EndProject
Project("{FAE04EC0-301F-11D3-BF4B-00C04F79EFBC}") = "Assembly-CSharp-Editor-firstpass", "Assembly-CSharp-Editor-firstpass.csproj", "{BF4AFE42-AE03-14D0-CAEA-4C720292C575}"
EndProject
Global
	GlobalSection(SolutionConfigurationPlatforms) = preSolution
		Debug|Any CPU = Debug|Any CPU
		Release|Any CPU = Release|Any CPU
	EndGlobalSection
	GlobalSection(ProjectConfigurationPlatforms) = postSolution
		{104A2B3F-D8B4-3026-D603-D3CF6FFBAACE}.Debug|Any CPU.ActiveCfg = Debug|Any CPU
		{104A2B3F-D8B4-3026-D603-D3CF6FFBAACE}.Debug|Any CPU.Build.0 = Debug|Any CPU
		{104A2B3F-D8B4-3026-D603-D3CF6FFBAACE}.Release|Any CPU.ActiveCfg = Release|Any CPU
		{104A2B3F-D8B4-3026-D603-D3CF6FFBAACE}.Release|Any CPU.Build.0 = Release|Any CPU
		{46485BBF-9C06-E4E8-0552-C246EA31D846}.Debug|Any CPU.ActiveCfg = Debug|Any CPU
		{46485BBF-9C06-E4E8-0552-C246EA31D846}.Debug|Any CPU.Build.0 = Debug|Any CPU
		{46485BBF-9C06-E4E8-0552-C246EA31D846}.Release|Any CPU.ActiveCfg = Release|Any CPU
		{46485BBF-9C06-E4E8-0552-C246EA31D846}.Release|Any CPU.Build.0 = Release|Any CPU
		{BF4AFE42-AE03-14D0-CAEA-4C720292C575}.Debug|Any CPU.ActiveCfg = Debug|Any CPU
		{BF4AFE42-AE03-14D0-CAEA-4C720292C575}.Debug|Any CPU.Build.0 = Debug|Any CPU
		{BF4AFE42-AE03-14D0-CAEA-4C720292C575}.Release|Any CPU.ActiveCfg = Release|Any CPU
		{BF4AFE42-AE03-14D0-CAEA-4C720292C575}.Release|Any CPU.Build.0 = Release|Any CPU
	EndGlobalSection
	GlobalSection(SolutionProperties) = preSolution
		HideSolutionNode = FALSE
	EndGlobalSection
EndGlobal
